
Microsoft Visual Studio Solution File, Format Version 12.00
# Visual Studio Version 16
VisualStudioVersion = 16.0.30204.135
MinimumVisualStudioVersion = 10.0.40219.1
Project("{FAE04EC0-301F-11D3-BF4B-00C04F79EFBC}") = "CurTerm", "CurTerm\CurTerm.csproj", "{B3F71528-0ED8-4DAA-8150-FBC82C00B2F6}"
EndProject
Global
	GlobalSection(SolutionConfigurationPlatforms) = preSolution
		Debug|Any CPU = Debug|Any CPU
		Release|Any CPU = Release|Any CPU
	EndGlobalSection
	GlobalSection(ProjectConfigurationPlatforms) = postSolution
		{B3F71528-0ED8-4DAA-8150-FBC82C00B2F6}.Debug|Any CPU.ActiveCfg = Debug|Any CPU
		{B3F71528-0ED8-4DAA-8150-FBC82C00B2F6}.Debug|Any CPU.Build.0 = Debug|Any CPU
		{B3F71528-0ED8-4DAA-8150-FBC82C00B2F6}.Release|Any CPU.ActiveCfg = Release|Any CPU
		{B3F71528-0ED8-4DAA-8150-FBC82C00B2F6}.Release|Any CPU.Build.0 = Release|Any CPU
	EndGlobalSection
	GlobalSection(SolutionProperties) = preSolution
		HideSolutionNode = FALSE
	EndGlobalSection
	GlobalSection(ExtensibilityGlobals) = postSolution
		SolutionGuid = {11177EAC-AD58-4D31-80E3-523C47B24049}
	EndGlobalSection
EndGlobal
